// !$*UTF8*$!
{
	archiveVersion = 1;
	classes = {
	};
	objectVersion = 51;
	objects = {

/* Begin PBXBuildFile section */
		263AECA810BB9408A1ADC4F8 /* Pods_borbskeeperUITests.framework in Frameworks */ = {isa = PBXBuildFile; fileRef = C45C15492DAF90245A6E4BC9 /* Pods_borbskeeperUITests.framework */; };
		3432CFA722DE597700B6C47E /* TasksList.storyboard in Resources */ = {isa = PBXBuildFile; fileRef = 3432CFA622DE597700B6C47E /* TasksList.storyboard */; };
		3432CFB322DE6BE800B6C47E /* TasksListViewController.m in Sources */ = {isa = PBXBuildFile; fileRef = 3432CFB222DE6BE800B6C47E /* TasksListViewController.m */; };
		3432CFB622DE6CA700B6C47E /* TaskCell.m in Sources */ = {isa = PBXBuildFile; fileRef = 3432CFB522DE6CA700B6C47E /* TaskCell.m */; };
		4703D7F77889CBBF77A2AD92 /* Pods_borbskeeperTests.framework in Frameworks */ = {isa = PBXBuildFile; fileRef = 66FF1C08AACA2E8CCDBEA0B8 /* Pods_borbskeeperTests.framework */; };
		4A55B93C22E8FA7500CA5400 /* InfiniteScrollView.m in Sources */ = {isa = PBXBuildFile; fileRef = 4A55B93B22E8FA7500CA5400 /* InfiniteScrollView.m */; };
		4A55B94A22EA2EB000CA5400 /* Profile.storyboard in Resources */ = {isa = PBXBuildFile; fileRef = 4A55B94922EA2EB000CA5400 /* Profile.storyboard */; };
		4A55B94D22EA2EBF00CA5400 /* ProfileViewController.m in Sources */ = {isa = PBXBuildFile; fileRef = 4A55B94C22EA2EBF00CA5400 /* ProfileViewController.m */; };
		4A55B95622EB818700CA5400 /* IncompleteTaskListInfiniteScrollView.m in Sources */ = {isa = PBXBuildFile; fileRef = 4A55B95522EB818700CA5400 /* IncompleteTaskListInfiniteScrollView.m */; };
		4A55B95922EB84AB00CA5400 /* CompleteTaskListInfiniteScrollView.m in Sources */ = {isa = PBXBuildFile; fileRef = 4A55B95822EB84AB00CA5400 /* CompleteTaskListInfiniteScrollView.m */; };
		4A944D4622DE49390065782C /* LoginViewController.m in Sources */ = {isa = PBXBuildFile; fileRef = 4A944D4522DE49390065782C /* LoginViewController.m */; };
		4A944D4822DE497C0065782C /* Login.storyboard in Resources */ = {isa = PBXBuildFile; fileRef = 4A944D4722DE497C0065782C /* Login.storyboard */; };
		4A944D4A22DE49A20065782C /* SignUp.storyboard in Resources */ = {isa = PBXBuildFile; fileRef = 4A944D4922DE49A20065782C /* SignUp.storyboard */; };
		4A944D4D22DE49F00065782C /* SignUpViewController.m in Sources */ = {isa = PBXBuildFile; fileRef = 4A944D4C22DE49F00065782C /* SignUpViewController.m */; };
		4A944D6222DE8EF00065782C /* BorbParseManager.m in Sources */ = {isa = PBXBuildFile; fileRef = 4A944D6122DE8EF00065782C /* BorbParseManager.m */; };
		4AB260CE22E0F5890062DD14 /* ComposeTaskViewController.m in Sources */ = {isa = PBXBuildFile; fileRef = 4AB260CD22E0F5890062DD14 /* ComposeTaskViewController.m */; };
		4AB260D022E0F5B70062DD14 /* ComposeTask.storyboard in Resources */ = {isa = PBXBuildFile; fileRef = 4AB260CF22E0F5B70062DD14 /* ComposeTask.storyboard */; };
		A2284FD022E24217006217C9 /* BorbPageViewController.m in Sources */ = {isa = PBXBuildFile; fileRef = A2284FCF22E24217006217C9 /* BorbPageViewController.m */; };
		A2284FD222E24229006217C9 /* BorbPage.storyboard in Resources */ = {isa = PBXBuildFile; fileRef = A2284FD122E24229006217C9 /* BorbPage.storyboard */; };
		A2660C4422E64331008C39C7 /* GameConstants.m in Sources */ = {isa = PBXBuildFile; fileRef = A2660C4322E64331008C39C7 /* GameConstants.m */; };
		A28F5C0A22DE598E001FAFC7 /* User.m in Sources */ = {isa = PBXBuildFile; fileRef = A28F5C0922DE598E001FAFC7 /* User.m */; };
		A28F5C0D22DE6C14001FAFC7 /* Borb.m in Sources */ = {isa = PBXBuildFile; fileRef = A28F5C0C22DE6C14001FAFC7 /* Borb.m */; };
		A28F5C1022DE6D43001FAFC7 /* Task.m in Sources */ = {isa = PBXBuildFile; fileRef = A28F5C0F22DE6D43001FAFC7 /* Task.m */; };
		A2A2922E22EA67B600276315 /* PushNotifications.m in Sources */ = {isa = PBXBuildFile; fileRef = A2A2922D22EA67B600276315 /* PushNotifications.m */; };
		A2BC23AD22DD2CD60030EA51 /* AppDelegate.m in Sources */ = {isa = PBXBuildFile; fileRef = A2BC23AC22DD2CD60030EA51 /* AppDelegate.m */; };
		A2BC23B522DD2CD70030EA51 /* Assets.xcassets in Resources */ = {isa = PBXBuildFile; fileRef = A2BC23B422DD2CD70030EA51 /* Assets.xcassets */; };
		A2BC23B822DD2CD70030EA51 /* LaunchScreen.storyboard in Resources */ = {isa = PBXBuildFile; fileRef = A2BC23B622DD2CD70030EA51 /* LaunchScreen.storyboard */; };
		A2BC23BB22DD2CD70030EA51 /* main.m in Sources */ = {isa = PBXBuildFile; fileRef = A2BC23BA22DD2CD70030EA51 /* main.m */; };
		A2BC23C522DD2CD70030EA51 /* borbskeeperTests.m in Sources */ = {isa = PBXBuildFile; fileRef = A2BC23C422DD2CD70030EA51 /* borbskeeperTests.m */; };
		A2BC23D022DD2CD70030EA51 /* borbskeeperUITests.m in Sources */ = {isa = PBXBuildFile; fileRef = A2BC23CF22DD2CD70030EA51 /* borbskeeperUITests.m */; };
		EE30FD20236212C786D5534B /* Pods_borbskeeper.framework in Frameworks */ = {isa = PBXBuildFile; fileRef = 6560A7C3F09F08802BCEFA4B /* Pods_borbskeeper.framework */; };
/* End PBXBuildFile section */

/* Begin PBXContainerItemProxy section */
		A2BC23C122DD2CD70030EA51 /* PBXContainerItemProxy */ = {
			isa = PBXContainerItemProxy;
			containerPortal = A2BC23A022DD2CD60030EA51 /* Project object */;
			proxyType = 1;
			remoteGlobalIDString = A2BC23A722DD2CD60030EA51;
			remoteInfo = borbskeeper;
		};
		A2BC23CC22DD2CD70030EA51 /* PBXContainerItemProxy */ = {
			isa = PBXContainerItemProxy;
			containerPortal = A2BC23A022DD2CD60030EA51 /* Project object */;
			proxyType = 1;
			remoteGlobalIDString = A2BC23A722DD2CD60030EA51;
			remoteInfo = borbskeeper;
		};
/* End PBXContainerItemProxy section */

/* Begin PBXFileReference section */
		137E82EA480C3D46EE7CD2A2 /* Pods-borbskeeperTests.debug.xcconfig */ = {isa = PBXFileReference; includeInIndex = 1; lastKnownFileType = text.xcconfig; name = "Pods-borbskeeperTests.debug.xcconfig"; path = "Target Support Files/Pods-borbskeeperTests/Pods-borbskeeperTests.debug.xcconfig"; sourceTree = "<group>"; };
		3432CFA622DE597700B6C47E /* TasksList.storyboard */ = {isa = PBXFileReference; lastKnownFileType = file.storyboard; path = TasksList.storyboard; sourceTree = "<group>"; };
		3432CFB122DE6BE800B6C47E /* TasksListViewController.h */ = {isa = PBXFileReference; lastKnownFileType = sourcecode.c.h; path = TasksListViewController.h; sourceTree = "<group>"; };
		3432CFB222DE6BE800B6C47E /* TasksListViewController.m */ = {isa = PBXFileReference; lastKnownFileType = sourcecode.c.objc; path = TasksListViewController.m; sourceTree = "<group>"; };
		3432CFB422DE6CA700B6C47E /* TaskCell.h */ = {isa = PBXFileReference; lastKnownFileType = sourcecode.c.h; name = TaskCell.h; path = borbskeeper/Features/TaskList/TaskCell.h; sourceTree = SOURCE_ROOT; };
		3432CFB522DE6CA700B6C47E /* TaskCell.m */ = {isa = PBXFileReference; lastKnownFileType = sourcecode.c.objc; name = TaskCell.m; path = borbskeeper/Features/TaskList/TaskCell.m; sourceTree = SOURCE_ROOT; };
		482BEA8B4EC67026AE80FB32 /* Pods-borbskeeper.release.xcconfig */ = {isa = PBXFileReference; includeInIndex = 1; lastKnownFileType = text.xcconfig; name = "Pods-borbskeeper.release.xcconfig"; path = "Target Support Files/Pods-borbskeeper/Pods-borbskeeper.release.xcconfig"; sourceTree = "<group>"; };
		4A55B93A22E8FA7500CA5400 /* InfiniteScrollView.h */ = {isa = PBXFileReference; lastKnownFileType = sourcecode.c.h; path = InfiniteScrollView.h; sourceTree = "<group>"; };
		4A55B93B22E8FA7500CA5400 /* InfiniteScrollView.m */ = {isa = PBXFileReference; lastKnownFileType = sourcecode.c.objc; path = InfiniteScrollView.m; sourceTree = "<group>"; };
		4A55B94922EA2EB000CA5400 /* Profile.storyboard */ = {isa = PBXFileReference; lastKnownFileType = file.storyboard; path = Profile.storyboard; sourceTree = "<group>"; };
		4A55B94B22EA2EBF00CA5400 /* ProfileViewController.h */ = {isa = PBXFileReference; lastKnownFileType = sourcecode.c.h; path = ProfileViewController.h; sourceTree = "<group>"; };
		4A55B94C22EA2EBF00CA5400 /* ProfileViewController.m */ = {isa = PBXFileReference; lastKnownFileType = sourcecode.c.objc; path = ProfileViewController.m; sourceTree = "<group>"; };
		4A55B95422EB818700CA5400 /* IncompleteTaskListInfiniteScrollView.h */ = {isa = PBXFileReference; lastKnownFileType = sourcecode.c.h; path = IncompleteTaskListInfiniteScrollView.h; sourceTree = "<group>"; };
		4A55B95522EB818700CA5400 /* IncompleteTaskListInfiniteScrollView.m */ = {isa = PBXFileReference; lastKnownFileType = sourcecode.c.objc; path = IncompleteTaskListInfiniteScrollView.m; sourceTree = "<group>"; };
		4A55B95722EB84AB00CA5400 /* CompleteTaskListInfiniteScrollView.h */ = {isa = PBXFileReference; lastKnownFileType = sourcecode.c.h; path = CompleteTaskListInfiniteScrollView.h; sourceTree = "<group>"; };
		4A55B95822EB84AB00CA5400 /* CompleteTaskListInfiniteScrollView.m */ = {isa = PBXFileReference; lastKnownFileType = sourcecode.c.objc; path = CompleteTaskListInfiniteScrollView.m; sourceTree = "<group>"; };
		4A627650C748D04B68328283 /* Pods-borbskeeperTests.release.xcconfig */ = {isa = PBXFileReference; includeInIndex = 1; lastKnownFileType = text.xcconfig; name = "Pods-borbskeeperTests.release.xcconfig"; path = "Target Support Files/Pods-borbskeeperTests/Pods-borbskeeperTests.release.xcconfig"; sourceTree = "<group>"; };
		4A944D4422DE49390065782C /* LoginViewController.h */ = {isa = PBXFileReference; lastKnownFileType = sourcecode.c.h; path = LoginViewController.h; sourceTree = "<group>"; };
		4A944D4522DE49390065782C /* LoginViewController.m */ = {isa = PBXFileReference; lastKnownFileType = sourcecode.c.objc; path = LoginViewController.m; sourceTree = "<group>"; };
		4A944D4722DE497C0065782C /* Login.storyboard */ = {isa = PBXFileReference; lastKnownFileType = file.storyboard; path = Login.storyboard; sourceTree = "<group>"; };
		4A944D4922DE49A20065782C /* SignUp.storyboard */ = {isa = PBXFileReference; lastKnownFileType = file.storyboard; path = SignUp.storyboard; sourceTree = "<group>"; };
		4A944D4B22DE49F00065782C /* SignUpViewController.h */ = {isa = PBXFileReference; lastKnownFileType = sourcecode.c.h; path = SignUpViewController.h; sourceTree = "<group>"; };
		4A944D4C22DE49F00065782C /* SignUpViewController.m */ = {isa = PBXFileReference; lastKnownFileType = sourcecode.c.objc; path = SignUpViewController.m; sourceTree = "<group>"; };
		4A944D6022DE8EF00065782C /* BorbParseManager.h */ = {isa = PBXFileReference; lastKnownFileType = sourcecode.c.h; path = BorbParseManager.h; sourceTree = "<group>"; };
		4A944D6122DE8EF00065782C /* BorbParseManager.m */ = {isa = PBXFileReference; lastKnownFileType = sourcecode.c.objc; path = BorbParseManager.m; sourceTree = "<group>"; };
		4AB260CC22E0F5890062DD14 /* ComposeTaskViewController.h */ = {isa = PBXFileReference; lastKnownFileType = sourcecode.c.h; path = ComposeTaskViewController.h; sourceTree = "<group>"; };
		4AB260CD22E0F5890062DD14 /* ComposeTaskViewController.m */ = {isa = PBXFileReference; lastKnownFileType = sourcecode.c.objc; path = ComposeTaskViewController.m; sourceTree = "<group>"; };
		4AB260CF22E0F5B70062DD14 /* ComposeTask.storyboard */ = {isa = PBXFileReference; lastKnownFileType = file.storyboard; path = ComposeTask.storyboard; sourceTree = "<group>"; };
		6560A7C3F09F08802BCEFA4B /* Pods_borbskeeper.framework */ = {isa = PBXFileReference; explicitFileType = wrapper.framework; includeInIndex = 0; path = Pods_borbskeeper.framework; sourceTree = BUILT_PRODUCTS_DIR; };
		66FF1C08AACA2E8CCDBEA0B8 /* Pods_borbskeeperTests.framework */ = {isa = PBXFileReference; explicitFileType = wrapper.framework; includeInIndex = 0; path = Pods_borbskeeperTests.framework; sourceTree = BUILT_PRODUCTS_DIR; };
		8F6CE0DA0FA1890902E8CD27 /* Pods-borbskeeperUITests.debug.xcconfig */ = {isa = PBXFileReference; includeInIndex = 1; lastKnownFileType = text.xcconfig; name = "Pods-borbskeeperUITests.debug.xcconfig"; path = "Target Support Files/Pods-borbskeeperUITests/Pods-borbskeeperUITests.debug.xcconfig"; sourceTree = "<group>"; };
		A2284FCE22E24217006217C9 /* BorbPageViewController.h */ = {isa = PBXFileReference; lastKnownFileType = sourcecode.c.h; path = BorbPageViewController.h; sourceTree = "<group>"; };
		A2284FCF22E24217006217C9 /* BorbPageViewController.m */ = {isa = PBXFileReference; lastKnownFileType = sourcecode.c.objc; path = BorbPageViewController.m; sourceTree = "<group>"; };
		A2284FD122E24229006217C9 /* BorbPage.storyboard */ = {isa = PBXFileReference; lastKnownFileType = file.storyboard; path = BorbPage.storyboard; sourceTree = "<group>"; };
		A2660C4222E64331008C39C7 /* GameConstants.h */ = {isa = PBXFileReference; lastKnownFileType = sourcecode.c.h; path = GameConstants.h; sourceTree = "<group>"; };
		A2660C4322E64331008C39C7 /* GameConstants.m */ = {isa = PBXFileReference; lastKnownFileType = sourcecode.c.objc; path = GameConstants.m; sourceTree = "<group>"; };
		A28F5C0822DE598E001FAFC7 /* User.h */ = {isa = PBXFileReference; lastKnownFileType = sourcecode.c.h; name = User.h; path = borbskeeper/Models/User.h; sourceTree = SOURCE_ROOT; };
		A28F5C0922DE598E001FAFC7 /* User.m */ = {isa = PBXFileReference; lastKnownFileType = sourcecode.c.objc; name = User.m; path = borbskeeper/Models/User.m; sourceTree = SOURCE_ROOT; };
		A28F5C0B22DE6C14001FAFC7 /* Borb.h */ = {isa = PBXFileReference; lastKnownFileType = sourcecode.c.h; name = Borb.h; path = borbskeeper/Models/Borb.h; sourceTree = SOURCE_ROOT; };
		A28F5C0C22DE6C14001FAFC7 /* Borb.m */ = {isa = PBXFileReference; lastKnownFileType = sourcecode.c.objc; name = Borb.m; path = borbskeeper/Models/Borb.m; sourceTree = SOURCE_ROOT; };
		A28F5C0E22DE6D43001FAFC7 /* Task.h */ = {isa = PBXFileReference; lastKnownFileType = sourcecode.c.h; name = Task.h; path = borbskeeper/Models/Task.h; sourceTree = SOURCE_ROOT; };
		A28F5C0F22DE6D43001FAFC7 /* Task.m */ = {isa = PBXFileReference; lastKnownFileType = sourcecode.c.objc; name = Task.m; path = borbskeeper/Models/Task.m; sourceTree = SOURCE_ROOT; };
		A2A2922C22EA67B600276315 /* PushNotifications.h */ = {isa = PBXFileReference; lastKnownFileType = sourcecode.c.h; path = PushNotifications.h; sourceTree = "<group>"; };
		A2A2922D22EA67B600276315 /* PushNotifications.m */ = {isa = PBXFileReference; lastKnownFileType = sourcecode.c.objc; path = PushNotifications.m; sourceTree = "<group>"; };
		A2BC23A822DD2CD60030EA51 /* borbskeeper.app */ = {isa = PBXFileReference; explicitFileType = wrapper.application; includeInIndex = 0; path = borbskeeper.app; sourceTree = BUILT_PRODUCTS_DIR; };
		A2BC23AB22DD2CD60030EA51 /* AppDelegate.h */ = {isa = PBXFileReference; lastKnownFileType = sourcecode.c.h; path = AppDelegate.h; sourceTree = "<group>"; };
		A2BC23AC22DD2CD60030EA51 /* AppDelegate.m */ = {isa = PBXFileReference; lastKnownFileType = sourcecode.c.objc; path = AppDelegate.m; sourceTree = "<group>"; };
		A2BC23B422DD2CD70030EA51 /* Assets.xcassets */ = {isa = PBXFileReference; lastKnownFileType = folder.assetcatalog; path = Assets.xcassets; sourceTree = "<group>"; };
		A2BC23B722DD2CD70030EA51 /* Base */ = {isa = PBXFileReference; lastKnownFileType = file.storyboard; name = Base; path = Base.lproj/LaunchScreen.storyboard; sourceTree = "<group>"; };
		A2BC23B922DD2CD70030EA51 /* Info.plist */ = {isa = PBXFileReference; lastKnownFileType = text.plist.xml; path = Info.plist; sourceTree = "<group>"; };
		A2BC23BA22DD2CD70030EA51 /* main.m */ = {isa = PBXFileReference; lastKnownFileType = sourcecode.c.objc; path = main.m; sourceTree = "<group>"; };
		A2BC23C022DD2CD70030EA51 /* borbskeeperTests.xctest */ = {isa = PBXFileReference; explicitFileType = wrapper.cfbundle; includeInIndex = 0; path = borbskeeperTests.xctest; sourceTree = BUILT_PRODUCTS_DIR; };
		A2BC23C422DD2CD70030EA51 /* borbskeeperTests.m */ = {isa = PBXFileReference; lastKnownFileType = sourcecode.c.objc; path = borbskeeperTests.m; sourceTree = "<group>"; };
		A2BC23C622DD2CD70030EA51 /* Info.plist */ = {isa = PBXFileReference; lastKnownFileType = text.plist.xml; path = Info.plist; sourceTree = "<group>"; };
		A2BC23CB22DD2CD70030EA51 /* borbskeeperUITests.xctest */ = {isa = PBXFileReference; explicitFileType = wrapper.cfbundle; includeInIndex = 0; path = borbskeeperUITests.xctest; sourceTree = BUILT_PRODUCTS_DIR; };
		A2BC23CF22DD2CD70030EA51 /* borbskeeperUITests.m */ = {isa = PBXFileReference; lastKnownFileType = sourcecode.c.objc; path = borbskeeperUITests.m; sourceTree = "<group>"; };
		A2BC23D122DD2CD70030EA51 /* Info.plist */ = {isa = PBXFileReference; lastKnownFileType = text.plist.xml; path = Info.plist; sourceTree = "<group>"; };
		C45C15492DAF90245A6E4BC9 /* Pods_borbskeeperUITests.framework */ = {isa = PBXFileReference; explicitFileType = wrapper.framework; includeInIndex = 0; path = Pods_borbskeeperUITests.framework; sourceTree = BUILT_PRODUCTS_DIR; };
		E5A421C40373434EC704AFA0 /* Pods-borbskeeper.debug.xcconfig */ = {isa = PBXFileReference; includeInIndex = 1; lastKnownFileType = text.xcconfig; name = "Pods-borbskeeper.debug.xcconfig"; path = "Target Support Files/Pods-borbskeeper/Pods-borbskeeper.debug.xcconfig"; sourceTree = "<group>"; };
		EA3BF8C02DECA191DB2F72EA /* Pods-borbskeeperUITests.release.xcconfig */ = {isa = PBXFileReference; includeInIndex = 1; lastKnownFileType = text.xcconfig; name = "Pods-borbskeeperUITests.release.xcconfig"; path = "Target Support Files/Pods-borbskeeperUITests/Pods-borbskeeperUITests.release.xcconfig"; sourceTree = "<group>"; };
/* End PBXFileReference section */

/* Begin PBXFrameworksBuildPhase section */
		A2BC23A522DD2CD60030EA51 /* Frameworks */ = {
			isa = PBXFrameworksBuildPhase;
			buildActionMask = 2147483647;
			files = (
				EE30FD20236212C786D5534B /* Pods_borbskeeper.framework in Frameworks */,
			);
			runOnlyForDeploymentPostprocessing = 0;
		};
		A2BC23BD22DD2CD70030EA51 /* Frameworks */ = {
			isa = PBXFrameworksBuildPhase;
			buildActionMask = 2147483647;
			files = (
				4703D7F77889CBBF77A2AD92 /* Pods_borbskeeperTests.framework in Frameworks */,
			);
			runOnlyForDeploymentPostprocessing = 0;
		};
		A2BC23C822DD2CD70030EA51 /* Frameworks */ = {
			isa = PBXFrameworksBuildPhase;
			buildActionMask = 2147483647;
			files = (
				263AECA810BB9408A1ADC4F8 /* Pods_borbskeeperUITests.framework in Frameworks */,
			);
			runOnlyForDeploymentPostprocessing = 0;
		};
/* End PBXFrameworksBuildPhase section */

/* Begin PBXGroup section */
		28CA91D7F89B85B3DAF94E26 /* Frameworks */ = {
			isa = PBXGroup;
			children = (
				6560A7C3F09F08802BCEFA4B /* Pods_borbskeeper.framework */,
				66FF1C08AACA2E8CCDBEA0B8 /* Pods_borbskeeperTests.framework */,
				C45C15492DAF90245A6E4BC9 /* Pods_borbskeeperUITests.framework */,
			);
			name = Frameworks;
			sourceTree = "<group>";
		};
		4A55B94822EA2EA200CA5400 /* Profile */ = {
			isa = PBXGroup;
			children = (
				4A55B94922EA2EB000CA5400 /* Profile.storyboard */,
				4A55B94B22EA2EBF00CA5400 /* ProfileViewController.h */,
				4A55B94C22EA2EBF00CA5400 /* ProfileViewController.m */,
				4A55B95722EB84AB00CA5400 /* CompleteTaskListInfiniteScrollView.h */,
				4A55B95822EB84AB00CA5400 /* CompleteTaskListInfiniteScrollView.m */,
			);
			path = Profile;
			sourceTree = "<group>";
		};
		4A944D3A22DE42360065782C /* Models */ = {
			isa = PBXGroup;
			children = (
				A28F5C0822DE598E001FAFC7 /* User.h */,
				A28F5C0922DE598E001FAFC7 /* User.m */,
				A28F5C0B22DE6C14001FAFC7 /* Borb.h */,
				A28F5C0C22DE6C14001FAFC7 /* Borb.m */,
				A28F5C0E22DE6D43001FAFC7 /* Task.h */,
				A28F5C0F22DE6D43001FAFC7 /* Task.m */,
			);
			path = Models;
			sourceTree = "<group>";
		};
		4A944D3B22DE42410065782C /* Views */ = {
			isa = PBXGroup;
			children = (
				3432CFB422DE6CA700B6C47E /* TaskCell.h */,
				3432CFB522DE6CA700B6C47E /* TaskCell.m */,
			);
			path = Views;
			sourceTree = "<group>";
		};
		4A944D3C22DE424C0065782C /* Features */ = {
			isa = PBXGroup;
			children = (
				4A55B94822EA2EA200CA5400 /* Profile */,
				A2284FCD22E241EB006217C9 /* BorbPage */,
				4AB260CB22E0F4110062DD14 /* ComposeTask */,
				4A944D4022DE42AA0065782C /* TaskList */,
				4A944D3F22DE42960065782C /* SignUp */,
				4A944D3D22DE42750065782C /* Login */,
			);
			path = Features;
			sourceTree = "<group>";
		};
		4A944D3D22DE42750065782C /* Login */ = {
			isa = PBXGroup;
			children = (
				4A944D4722DE497C0065782C /* Login.storyboard */,
				4A944D4422DE49390065782C /* LoginViewController.h */,
				4A944D4522DE49390065782C /* LoginViewController.m */,
			);
			path = Login;
			sourceTree = "<group>";
		};
		4A944D3F22DE42960065782C /* SignUp */ = {
			isa = PBXGroup;
			children = (
				4A944D4922DE49A20065782C /* SignUp.storyboard */,
				4A944D4B22DE49F00065782C /* SignUpViewController.h */,
				4A944D4C22DE49F00065782C /* SignUpViewController.m */,
			);
			path = SignUp;
			sourceTree = "<group>";
		};
		4A944D4022DE42AA0065782C /* TaskList */ = {
			isa = PBXGroup;
			children = (
				3432CFA622DE597700B6C47E /* TasksList.storyboard */,
				3432CFB122DE6BE800B6C47E /* TasksListViewController.h */,
				3432CFB222DE6BE800B6C47E /* TasksListViewController.m */,
				4A55B95422EB818700CA5400 /* IncompleteTaskListInfiniteScrollView.h */,
				4A55B95522EB818700CA5400 /* IncompleteTaskListInfiniteScrollView.m */,
			);
			path = TaskList;
			sourceTree = "<group>";
		};
		4A944D4122DE433A0065782C /* ParseManager */ = {
			isa = PBXGroup;
			children = (
				4A944D6022DE8EF00065782C /* BorbParseManager.h */,
				4A944D6122DE8EF00065782C /* BorbParseManager.m */,
			);
			path = ParseManager;
			sourceTree = "<group>";
		};
		4AB260CB22E0F4110062DD14 /* ComposeTask */ = {
			isa = PBXGroup;
			children = (
				4AB260CF22E0F5B70062DD14 /* ComposeTask.storyboard */,
				4AB260CC22E0F5890062DD14 /* ComposeTaskViewController.h */,
				4AB260CD22E0F5890062DD14 /* ComposeTaskViewController.m */,
			);
			path = ComposeTask;
			sourceTree = "<group>";
		};
		4AB260D122E7BF7D0062DD14 /* Infinite Scrolling Framework */ = {
			isa = PBXGroup;
			children = (
				4A55B93A22E8FA7500CA5400 /* InfiniteScrollView.h */,
				4A55B93B22E8FA7500CA5400 /* InfiniteScrollView.m */,
			);
			path = "Infinite Scrolling Framework";
			sourceTree = "<group>";
		};
		A2284FCD22E241EB006217C9 /* BorbPage */ = {
			isa = PBXGroup;
			children = (
				A2284FCE22E24217006217C9 /* BorbPageViewController.h */,
				A2284FCF22E24217006217C9 /* BorbPageViewController.m */,
				A2284FD122E24229006217C9 /* BorbPage.storyboard */,
			);
			path = BorbPage;
			sourceTree = "<group>";
		};
		A2660C4122E6427E008C39C7 /* Utility */ = {
			isa = PBXGroup;
			children = (
				A2660C4222E64331008C39C7 /* GameConstants.h */,
				A2660C4322E64331008C39C7 /* GameConstants.m */,
				A2A2922C22EA67B600276315 /* PushNotifications.h */,
				A2A2922D22EA67B600276315 /* PushNotifications.m */,
			);
			path = Utility;
			sourceTree = "<group>";
		};
		A2BC239F22DD2CD60030EA51 = {
			isa = PBXGroup;
			children = (
				A2BC23AA22DD2CD60030EA51 /* borbskeeper */,
				A2BC23C322DD2CD70030EA51 /* borbskeeperTests */,
				A2BC23CE22DD2CD70030EA51 /* borbskeeperUITests */,
				A2BC23A922DD2CD60030EA51 /* Products */,
				F0662FC2EC0AF131CCC9F395 /* Pods */,
				28CA91D7F89B85B3DAF94E26 /* Frameworks */,
			);
			sourceTree = "<group>";
		};
		A2BC23A922DD2CD60030EA51 /* Products */ = {
			isa = PBXGroup;
			children = (
				A2BC23A822DD2CD60030EA51 /* borbskeeper.app */,
				A2BC23C022DD2CD70030EA51 /* borbskeeperTests.xctest */,
				A2BC23CB22DD2CD70030EA51 /* borbskeeperUITests.xctest */,
			);
			name = Products;
			sourceTree = "<group>";
		};
		A2BC23AA22DD2CD60030EA51 /* borbskeeper */ = {
			isa = PBXGroup;
			children = (
				4AB260D122E7BF7D0062DD14 /* Infinite Scrolling Framework */,
				A2660C4122E6427E008C39C7 /* Utility */,
				4A944D4122DE433A0065782C /* ParseManager */,
				4A944D3C22DE424C0065782C /* Features */,
				4A944D3B22DE42410065782C /* Views */,
				4A944D3A22DE42360065782C /* Models */,
				A2BC23AB22DD2CD60030EA51 /* AppDelegate.h */,
				A2BC23AC22DD2CD60030EA51 /* AppDelegate.m */,
				A2BC23B422DD2CD70030EA51 /* Assets.xcassets */,
				A2BC23B622DD2CD70030EA51 /* LaunchScreen.storyboard */,
				A2BC23B922DD2CD70030EA51 /* Info.plist */,
				A2BC23BA22DD2CD70030EA51 /* main.m */,
			);
			path = borbskeeper;
			sourceTree = "<group>";
		};
		A2BC23C322DD2CD70030EA51 /* borbskeeperTests */ = {
			isa = PBXGroup;
			children = (
				A2BC23C422DD2CD70030EA51 /* borbskeeperTests.m */,
				A2BC23C622DD2CD70030EA51 /* Info.plist */,
			);
			path = borbskeeperTests;
			sourceTree = "<group>";
		};
		A2BC23CE22DD2CD70030EA51 /* borbskeeperUITests */ = {
			isa = PBXGroup;
			children = (
				A2BC23CF22DD2CD70030EA51 /* borbskeeperUITests.m */,
				A2BC23D122DD2CD70030EA51 /* Info.plist */,
			);
			path = borbskeeperUITests;
			sourceTree = "<group>";
		};
		F0662FC2EC0AF131CCC9F395 /* Pods */ = {
			isa = PBXGroup;
			children = (
				E5A421C40373434EC704AFA0 /* Pods-borbskeeper.debug.xcconfig */,
				482BEA8B4EC67026AE80FB32 /* Pods-borbskeeper.release.xcconfig */,
				137E82EA480C3D46EE7CD2A2 /* Pods-borbskeeperTests.debug.xcconfig */,
				4A627650C748D04B68328283 /* Pods-borbskeeperTests.release.xcconfig */,
				8F6CE0DA0FA1890902E8CD27 /* Pods-borbskeeperUITests.debug.xcconfig */,
				EA3BF8C02DECA191DB2F72EA /* Pods-borbskeeperUITests.release.xcconfig */,
			);
			path = Pods;
			sourceTree = "<group>";
		};
/* End PBXGroup section */

/* Begin PBXNativeTarget section */
		A2BC23A722DD2CD60030EA51 /* borbskeeper */ = {
			isa = PBXNativeTarget;
			buildConfigurationList = A2BC23D422DD2CD70030EA51 /* Build configuration list for PBXNativeTarget "borbskeeper" */;
			buildPhases = (
				14F89DF5C123CD79BFCB7AC0 /* [CP] Check Pods Manifest.lock */,
				A2BC23A422DD2CD60030EA51 /* Sources */,
				A2BC23A522DD2CD60030EA51 /* Frameworks */,
				A2BC23A622DD2CD60030EA51 /* Resources */,
				AC936CF5443697F54C27D0F2 /* [CP] Embed Pods Frameworks */,
			);
			buildRules = (
			);
			dependencies = (
			);
			name = borbskeeper;
			productName = borbskeeper;
			productReference = A2BC23A822DD2CD60030EA51 /* borbskeeper.app */;
			productType = "com.apple.product-type.application";
		};
		A2BC23BF22DD2CD70030EA51 /* borbskeeperTests */ = {
			isa = PBXNativeTarget;
			buildConfigurationList = A2BC23D722DD2CD70030EA51 /* Build configuration list for PBXNativeTarget "borbskeeperTests" */;
			buildPhases = (
				B98CBECD77CA1CF835693A22 /* [CP] Check Pods Manifest.lock */,
				A2BC23BC22DD2CD70030EA51 /* Sources */,
				A2BC23BD22DD2CD70030EA51 /* Frameworks */,
				A2BC23BE22DD2CD70030EA51 /* Resources */,
			);
			buildRules = (
			);
			dependencies = (
				A2BC23C222DD2CD70030EA51 /* PBXTargetDependency */,
			);
			name = borbskeeperTests;
			productName = borbskeeperTests;
			productReference = A2BC23C022DD2CD70030EA51 /* borbskeeperTests.xctest */;
			productType = "com.apple.product-type.bundle.unit-test";
		};
		A2BC23CA22DD2CD70030EA51 /* borbskeeperUITests */ = {
			isa = PBXNativeTarget;
			buildConfigurationList = A2BC23DA22DD2CD70030EA51 /* Build configuration list for PBXNativeTarget "borbskeeperUITests" */;
			buildPhases = (
				EB962D8CE0540BD2D4C21803 /* [CP] Check Pods Manifest.lock */,
				A2BC23C722DD2CD70030EA51 /* Sources */,
				A2BC23C822DD2CD70030EA51 /* Frameworks */,
				A2BC23C922DD2CD70030EA51 /* Resources */,
			);
			buildRules = (
			);
			dependencies = (
				A2BC23CD22DD2CD70030EA51 /* PBXTargetDependency */,
			);
			name = borbskeeperUITests;
			productName = borbskeeperUITests;
			productReference = A2BC23CB22DD2CD70030EA51 /* borbskeeperUITests.xctest */;
			productType = "com.apple.product-type.bundle.ui-testing";
		};
/* End PBXNativeTarget section */

/* Begin PBXProject section */
		A2BC23A022DD2CD60030EA51 /* Project object */ = {
			isa = PBXProject;
			attributes = {
				LastUpgradeCheck = 1020;
				ORGANIZATIONNAME = juliapark628;
				TargetAttributes = {
					A2BC23A722DD2CD60030EA51 = {
						CreatedOnToolsVersion = 10.2.1;
					};
					A2BC23BF22DD2CD70030EA51 = {
						CreatedOnToolsVersion = 10.2.1;
						TestTargetID = A2BC23A722DD2CD60030EA51;
					};
					A2BC23CA22DD2CD70030EA51 = {
						CreatedOnToolsVersion = 10.2.1;
						TestTargetID = A2BC23A722DD2CD60030EA51;
					};
				};
			};
			buildConfigurationList = A2BC23A322DD2CD60030EA51 /* Build configuration list for PBXProject "borbskeeper" */;
			compatibilityVersion = "Xcode 9.3";
			developmentRegion = en;
			hasScannedForEncodings = 0;
			knownRegions = (
				en,
				Base,
			);
			mainGroup = A2BC239F22DD2CD60030EA51;
			productRefGroup = A2BC23A922DD2CD60030EA51 /* Products */;
			projectDirPath = "";
			projectRoot = "";
			targets = (
				A2BC23A722DD2CD60030EA51 /* borbskeeper */,
				A2BC23BF22DD2CD70030EA51 /* borbskeeperTests */,
				A2BC23CA22DD2CD70030EA51 /* borbskeeperUITests */,
			);
		};
/* End PBXProject section */

/* Begin PBXResourcesBuildPhase section */
		A2BC23A622DD2CD60030EA51 /* Resources */ = {
			isa = PBXResourcesBuildPhase;
			buildActionMask = 2147483647;
			files = (
				4AB260D022E0F5B70062DD14 /* ComposeTask.storyboard in Resources */,
				4A944D4822DE497C0065782C /* Login.storyboard in Resources */,
				4A55B94A22EA2EB000CA5400 /* Profile.storyboard in Resources */,
				A2BC23B822DD2CD70030EA51 /* LaunchScreen.storyboard in Resources */,
				A2284FD222E24229006217C9 /* BorbPage.storyboard in Resources */,
				A2BC23B522DD2CD70030EA51 /* Assets.xcassets in Resources */,
				4A944D4A22DE49A20065782C /* SignUp.storyboard in Resources */,
				3432CFA722DE597700B6C47E /* TasksList.storyboard in Resources */,
			);
			runOnlyForDeploymentPostprocessing = 0;
		};
		A2BC23BE22DD2CD70030EA51 /* Resources */ = {
			isa = PBXResourcesBuildPhase;
			buildActionMask = 2147483647;
			files = (
			);
			runOnlyForDeploymentPostprocessing = 0;
		};
		A2BC23C922DD2CD70030EA51 /* Resources */ = {
			isa = PBXResourcesBuildPhase;
			buildActionMask = 2147483647;
			files = (
			);
			runOnlyForDeploymentPostprocessing = 0;
		};
/* End PBXResourcesBuildPhase section */

/* Begin PBXShellScriptBuildPhase section */
		14F89DF5C123CD79BFCB7AC0 /* [CP] Check Pods Manifest.lock */ = {
			isa = PBXShellScriptBuildPhase;
			buildActionMask = 2147483647;
			files = (
			);
			inputFileListPaths = (
			);
			inputPaths = (
				"${PODS_PODFILE_DIR_PATH}/Podfile.lock",
				"${PODS_ROOT}/Manifest.lock",
			);
			name = "[CP] Check Pods Manifest.lock";
			outputFileListPaths = (
			);
			outputPaths = (
				"$(DERIVED_FILE_DIR)/Pods-borbskeeper-checkManifestLockResult.txt",
			);
			runOnlyForDeploymentPostprocessing = 0;
			shellPath = /bin/sh;
			shellScript = "diff \"${PODS_PODFILE_DIR_PATH}/Podfile.lock\" \"${PODS_ROOT}/Manifest.lock\" > /dev/null\nif [ $? != 0 ] ; then\n    # print error to STDERR\n    echo \"error: The sandbox is not in sync with the Podfile.lock. Run 'pod install' or update your CocoaPods installation.\" >&2\n    exit 1\nfi\n# This output is used by Xcode 'outputs' to avoid re-running this script phase.\necho \"SUCCESS\" > \"${SCRIPT_OUTPUT_FILE_0}\"\n";
			showEnvVarsInLog = 0;
		};
		AC936CF5443697F54C27D0F2 /* [CP] Embed Pods Frameworks */ = {
			isa = PBXShellScriptBuildPhase;
			buildActionMask = 2147483647;
			files = (
			);
			inputFileListPaths = (
				"${PODS_ROOT}/Target Support Files/Pods-borbskeeper/Pods-borbskeeper-frameworks-${CONFIGURATION}-input-files.xcfilelist",
			);
			name = "[CP] Embed Pods Frameworks";
			outputFileListPaths = (
				"${PODS_ROOT}/Target Support Files/Pods-borbskeeper/Pods-borbskeeper-frameworks-${CONFIGURATION}-output-files.xcfilelist",
			);
			runOnlyForDeploymentPostprocessing = 0;
			shellPath = /bin/sh;
			shellScript = "\"${PODS_ROOT}/Target Support Files/Pods-borbskeeper/Pods-borbskeeper-frameworks.sh\"\n";
			showEnvVarsInLog = 0;
		};
		B98CBECD77CA1CF835693A22 /* [CP] Check Pods Manifest.lock */ = {
			isa = PBXShellScriptBuildPhase;
			buildActionMask = 2147483647;
			files = (
			);
			inputFileListPaths = (
			);
			inputPaths = (
				"${PODS_PODFILE_DIR_PATH}/Podfile.lock",
				"${PODS_ROOT}/Manifest.lock",
			);
			name = "[CP] Check Pods Manifest.lock";
			outputFileListPaths = (
			);
			outputPaths = (
				"$(DERIVED_FILE_DIR)/Pods-borbskeeperTests-checkManifestLockResult.txt",
			);
			runOnlyForDeploymentPostprocessing = 0;
			shellPath = /bin/sh;
			shellScript = "diff \"${PODS_PODFILE_DIR_PATH}/Podfile.lock\" \"${PODS_ROOT}/Manifest.lock\" > /dev/null\nif [ $? != 0 ] ; then\n    # print error to STDERR\n    echo \"error: The sandbox is not in sync with the Podfile.lock. Run 'pod install' or update your CocoaPods installation.\" >&2\n    exit 1\nfi\n# This output is used by Xcode 'outputs' to avoid re-running this script phase.\necho \"SUCCESS\" > \"${SCRIPT_OUTPUT_FILE_0}\"\n";
			showEnvVarsInLog = 0;
		};
		EB962D8CE0540BD2D4C21803 /* [CP] Check Pods Manifest.lock */ = {
			isa = PBXShellScriptBuildPhase;
			buildActionMask = 2147483647;
			files = (
			);
			inputFileListPaths = (
			);
			inputPaths = (
				"${PODS_PODFILE_DIR_PATH}/Podfile.lock",
				"${PODS_ROOT}/Manifest.lock",
			);
			name = "[CP] Check Pods Manifest.lock";
			outputFileListPaths = (
			);
			outputPaths = (
				"$(DERIVED_FILE_DIR)/Pods-borbskeeperUITests-checkManifestLockResult.txt",
			);
			runOnlyForDeploymentPostprocessing = 0;
			shellPath = /bin/sh;
			shellScript = "diff \"${PODS_PODFILE_DIR_PATH}/Podfile.lock\" \"${PODS_ROOT}/Manifest.lock\" > /dev/null\nif [ $? != 0 ] ; then\n    # print error to STDERR\n    echo \"error: The sandbox is not in sync with the Podfile.lock. Run 'pod install' or update your CocoaPods installation.\" >&2\n    exit 1\nfi\n# This output is used by Xcode 'outputs' to avoid re-running this script phase.\necho \"SUCCESS\" > \"${SCRIPT_OUTPUT_FILE_0}\"\n";
			showEnvVarsInLog = 0;
		};
/* End PBXShellScriptBuildPhase section */

/* Begin PBXSourcesBuildPhase section */
		A2BC23A422DD2CD60030EA51 /* Sources */ = {
			isa = PBXSourcesBuildPhase;
			buildActionMask = 2147483647;
			files = (
				3432CFB622DE6CA700B6C47E /* TaskCell.m in Sources */,
				4A944D6222DE8EF00065782C /* BorbParseManager.m in Sources */,
				4A55B94D22EA2EBF00CA5400 /* ProfileViewController.m in Sources */,
				4A944D4622DE49390065782C /* LoginViewController.m in Sources */,
				4A944D4D22DE49F00065782C /* SignUpViewController.m in Sources */,
				4A55B95622EB818700CA5400 /* IncompleteTaskListInfiniteScrollView.m in Sources */,
				A28F5C0A22DE598E001FAFC7 /* User.m in Sources */,
				A28F5C1022DE6D43001FAFC7 /* Task.m in Sources */,
				A2284FD022E24217006217C9 /* BorbPageViewController.m in Sources */,
				4A55B95922EB84AB00CA5400 /* CompleteTaskListInfiniteScrollView.m in Sources */,
				4AB260CE22E0F5890062DD14 /* ComposeTaskViewController.m in Sources */,
				A2A2922E22EA67B600276315 /* PushNotifications.m in Sources */,
				A28F5C0D22DE6C14001FAFC7 /* Borb.m in Sources */,
				A2BC23BB22DD2CD70030EA51 /* main.m in Sources */,
				A2BC23AD22DD2CD60030EA51 /* AppDelegate.m in Sources */,
				3432CFB322DE6BE800B6C47E /* TasksListViewController.m in Sources */,
				A2660C4422E64331008C39C7 /* GameConstants.m in Sources */,
				4A55B93C22E8FA7500CA5400 /* InfiniteScrollView.m in Sources */,
			);
			runOnlyForDeploymentPostprocessing = 0;
		};
		A2BC23BC22DD2CD70030EA51 /* Sources */ = {
			isa = PBXSourcesBuildPhase;
			buildActionMask = 2147483647;
			files = (
				A2BC23C522DD2CD70030EA51 /* borbskeeperTests.m in Sources */,
			);
			runOnlyForDeploymentPostprocessing = 0;
		};
		A2BC23C722DD2CD70030EA51 /* Sources */ = {
			isa = PBXSourcesBuildPhase;
			buildActionMask = 2147483647;
			files = (
				A2BC23D022DD2CD70030EA51 /* borbskeeperUITests.m in Sources */,
			);
			runOnlyForDeploymentPostprocessing = 0;
		};
/* End PBXSourcesBuildPhase section */

/* Begin PBXTargetDependency section */
		A2BC23C222DD2CD70030EA51 /* PBXTargetDependency */ = {
			isa = PBXTargetDependency;
			target = A2BC23A722DD2CD60030EA51 /* borbskeeper */;
			targetProxy = A2BC23C122DD2CD70030EA51 /* PBXContainerItemProxy */;
		};
		A2BC23CD22DD2CD70030EA51 /* PBXTargetDependency */ = {
			isa = PBXTargetDependency;
			target = A2BC23A722DD2CD60030EA51 /* borbskeeper */;
			targetProxy = A2BC23CC22DD2CD70030EA51 /* PBXContainerItemProxy */;
		};
/* End PBXTargetDependency section */

/* Begin PBXVariantGroup section */
		A2BC23B622DD2CD70030EA51 /* LaunchScreen.storyboard */ = {
			isa = PBXVariantGroup;
			children = (
				A2BC23B722DD2CD70030EA51 /* Base */,
			);
			name = LaunchScreen.storyboard;
			sourceTree = "<group>";
		};
/* End PBXVariantGroup section */

/* Begin XCBuildConfiguration section */
		A2BC23D222DD2CD70030EA51 /* Debug */ = {
			isa = XCBuildConfiguration;
			buildSettings = {
				ALWAYS_SEARCH_USER_PATHS = NO;
				CLANG_ANALYZER_NONNULL = YES;
				CLANG_ANALYZER_NUMBER_OBJECT_CONVERSION = YES_AGGRESSIVE;
				CLANG_CXX_LANGUAGE_STANDARD = "gnu++14";
				CLANG_CXX_LIBRARY = "libc++";
				CLANG_ENABLE_MODULES = YES;
				CLANG_ENABLE_OBJC_ARC = YES;
				CLANG_ENABLE_OBJC_WEAK = YES;
				CLANG_WARN_BLOCK_CAPTURE_AUTORELEASING = YES;
				CLANG_WARN_BOOL_CONVERSION = YES;
				CLANG_WARN_COMMA = YES;
				CLANG_WARN_CONSTANT_CONVERSION = YES;
				CLANG_WARN_DEPRECATED_OBJC_IMPLEMENTATIONS = YES;
				CLANG_WARN_DIRECT_OBJC_ISA_USAGE = YES_ERROR;
				CLANG_WARN_DOCUMENTATION_COMMENTS = YES;
				CLANG_WARN_EMPTY_BODY = YES;
				CLANG_WARN_ENUM_CONVERSION = YES;
				CLANG_WARN_INFINITE_RECURSION = YES;
				CLANG_WARN_INT_CONVERSION = YES;
				CLANG_WARN_NON_LITERAL_NULL_CONVERSION = YES;
				CLANG_WARN_OBJC_IMPLICIT_RETAIN_SELF = YES;
				CLANG_WARN_OBJC_LITERAL_CONVERSION = YES;
				CLANG_WARN_OBJC_ROOT_CLASS = YES_ERROR;
				CLANG_WARN_RANGE_LOOP_ANALYSIS = YES;
				CLANG_WARN_STRICT_PROTOTYPES = YES;
				CLANG_WARN_SUSPICIOUS_MOVE = YES;
				CLANG_WARN_UNGUARDED_AVAILABILITY = YES_AGGRESSIVE;
				CLANG_WARN_UNREACHABLE_CODE = YES;
				CLANG_WARN__DUPLICATE_METHOD_MATCH = YES;
				CODE_SIGN_IDENTITY = "iPhone Developer";
				COPY_PHASE_STRIP = NO;
				DEBUG_INFORMATION_FORMAT = dwarf;
				ENABLE_STRICT_OBJC_MSGSEND = YES;
				ENABLE_TESTABILITY = YES;
				GCC_C_LANGUAGE_STANDARD = gnu11;
				GCC_DYNAMIC_NO_PIC = NO;
				GCC_NO_COMMON_BLOCKS = YES;
				GCC_OPTIMIZATION_LEVEL = 0;
				GCC_PREPROCESSOR_DEFINITIONS = (
					"DEBUG=1",
					"$(inherited)",
				);
				GCC_WARN_64_TO_32_BIT_CONVERSION = YES;
				GCC_WARN_ABOUT_RETURN_TYPE = YES_ERROR;
				GCC_WARN_UNDECLARED_SELECTOR = YES;
				GCC_WARN_UNINITIALIZED_AUTOS = YES_AGGRESSIVE;
				GCC_WARN_UNUSED_FUNCTION = YES;
				GCC_WARN_UNUSED_VARIABLE = YES;
				IPHONEOS_DEPLOYMENT_TARGET = 12.2;
				MTL_ENABLE_DEBUG_INFO = INCLUDE_SOURCE;
				MTL_FAST_MATH = YES;
				ONLY_ACTIVE_ARCH = YES;
				SDKROOT = iphoneos;
			};
			name = Debug;
		};
		A2BC23D322DD2CD70030EA51 /* Release */ = {
			isa = XCBuildConfiguration;
			buildSettings = {
				ALWAYS_SEARCH_USER_PATHS = NO;
				CLANG_ANALYZER_NONNULL = YES;
				CLANG_ANALYZER_NUMBER_OBJECT_CONVERSION = YES_AGGRESSIVE;
				CLANG_CXX_LANGUAGE_STANDARD = "gnu++14";
				CLANG_CXX_LIBRARY = "libc++";
				CLANG_ENABLE_MODULES = YES;
				CLANG_ENABLE_OBJC_ARC = YES;
				CLANG_ENABLE_OBJC_WEAK = YES;
				CLANG_WARN_BLOCK_CAPTURE_AUTORELEASING = YES;
				CLANG_WARN_BOOL_CONVERSION = YES;
				CLANG_WARN_COMMA = YES;
				CLANG_WARN_CONSTANT_CONVERSION = YES;
				CLANG_WARN_DEPRECATED_OBJC_IMPLEMENTATIONS = YES;
				CLANG_WARN_DIRECT_OBJC_ISA_USAGE = YES_ERROR;
				CLANG_WARN_DOCUMENTATION_COMMENTS = YES;
				CLANG_WARN_EMPTY_BODY = YES;
				CLANG_WARN_ENUM_CONVERSION = YES;
				CLANG_WARN_INFINITE_RECURSION = YES;
				CLANG_WARN_INT_CONVERSION = YES;
				CLANG_WARN_NON_LITERAL_NULL_CONVERSION = YES;
				CLANG_WARN_OBJC_IMPLICIT_RETAIN_SELF = YES;
				CLANG_WARN_OBJC_LITERAL_CONVERSION = YES;
				CLANG_WARN_OBJC_ROOT_CLASS = YES_ERROR;
				CLANG_WARN_RANGE_LOOP_ANALYSIS = YES;
				CLANG_WARN_STRICT_PROTOTYPES = YES;
				CLANG_WARN_SUSPICIOUS_MOVE = YES;
				CLANG_WARN_UNGUARDED_AVAILABILITY = YES_AGGRESSIVE;
				CLANG_WARN_UNREACHABLE_CODE = YES;
				CLANG_WARN__DUPLICATE_METHOD_MATCH = YES;
				CODE_SIGN_IDENTITY = "iPhone Developer";
				COPY_PHASE_STRIP = NO;
				DEBUG_INFORMATION_FORMAT = "dwarf-with-dsym";
				ENABLE_NS_ASSERTIONS = NO;
				ENABLE_STRICT_OBJC_MSGSEND = YES;
				GCC_C_LANGUAGE_STANDARD = gnu11;
				GCC_NO_COMMON_BLOCKS = YES;
				GCC_WARN_64_TO_32_BIT_CONVERSION = YES;
				GCC_WARN_ABOUT_RETURN_TYPE = YES_ERROR;
				GCC_WARN_UNDECLARED_SELECTOR = YES;
				GCC_WARN_UNINITIALIZED_AUTOS = YES_AGGRESSIVE;
				GCC_WARN_UNUSED_FUNCTION = YES;
				GCC_WARN_UNUSED_VARIABLE = YES;
				IPHONEOS_DEPLOYMENT_TARGET = 12.2;
				MTL_ENABLE_DEBUG_INFO = NO;
				MTL_FAST_MATH = YES;
				SDKROOT = iphoneos;
				VALIDATE_PRODUCT = YES;
			};
			name = Release;
		};
		A2BC23D522DD2CD70030EA51 /* Debug */ = {
			isa = XCBuildConfiguration;
			baseConfigurationReference = E5A421C40373434EC704AFA0 /* Pods-borbskeeper.debug.xcconfig */;
			buildSettings = {
				ASSETCATALOG_COMPILER_APPICON_NAME = AppIcon;
				CODE_SIGN_STYLE = Automatic;
				DEVELOPMENT_TEAM = Q2PU6GNQZR;
				INFOPLIST_FILE = borbskeeper/Info.plist;
				LD_RUNPATH_SEARCH_PATHS = (
					"$(inherited)",
					"@executable_path/Frameworks",
				);
				PRODUCT_BUNDLE_IDENTIFIER = com.juliapark628.borbskeeper;
				PRODUCT_NAME = "$(TARGET_NAME)";
				TARGETED_DEVICE_FAMILY = "1,2";
			};
			name = Debug;
		};
		A2BC23D622DD2CD70030EA51 /* Release */ = {
			isa = XCBuildConfiguration;
			baseConfigurationReference = 482BEA8B4EC67026AE80FB32 /* Pods-borbskeeper.release.xcconfig */;
			buildSettings = {
				ASSETCATALOG_COMPILER_APPICON_NAME = AppIcon;
				CODE_SIGN_STYLE = Automatic;
				DEVELOPMENT_TEAM = Q2PU6GNQZR;
				INFOPLIST_FILE = borbskeeper/Info.plist;
				LD_RUNPATH_SEARCH_PATHS = (
					"$(inherited)",
					"@executable_path/Frameworks",
				);
				PRODUCT_BUNDLE_IDENTIFIER = com.juliapark628.borbskeeper;
				PRODUCT_NAME = "$(TARGET_NAME)";
				TARGETED_DEVICE_FAMILY = "1,2";
			};
			name = Release;
		};
		A2BC23D822DD2CD70030EA51 /* Debug */ = {
			isa = XCBuildConfiguration;
			baseConfigurationReference = 137E82EA480C3D46EE7CD2A2 /* Pods-borbskeeperTests.debug.xcconfig */;
			buildSettings = {
				BUNDLE_LOADER = "$(TEST_HOST)";
				CODE_SIGN_STYLE = Automatic;
				INFOPLIST_FILE = borbskeeperTests/Info.plist;
				LD_RUNPATH_SEARCH_PATHS = (
					"$(inherited)",
					"@executable_path/Frameworks",
					"@loader_path/Frameworks",
				);
				PRODUCT_BUNDLE_IDENTIFIER = com.juliapark628.borbskeeperTests;
				PRODUCT_NAME = "$(TARGET_NAME)";
				TARGETED_DEVICE_FAMILY = "1,2";
				TEST_HOST = "$(BUILT_PRODUCTS_DIR)/borbskeeper.app/borbskeeper";
			};
			name = Debug;
		};
		A2BC23D922DD2CD70030EA51 /* Release */ = {
			isa = XCBuildConfiguration;
			baseConfigurationReference = 4A627650C748D04B68328283 /* Pods-borbskeeperTests.release.xcconfig */;
			buildSettings = {
				BUNDLE_LOADER = "$(TEST_HOST)";
				CODE_SIGN_STYLE = Automatic;
				INFOPLIST_FILE = borbskeeperTests/Info.plist;
				LD_RUNPATH_SEARCH_PATHS = (
					"$(inherited)",
					"@executable_path/Frameworks",
					"@loader_path/Frameworks",
				);
				PRODUCT_BUNDLE_IDENTIFIER = com.juliapark628.borbskeeperTests;
				PRODUCT_NAME = "$(TARGET_NAME)";
				TARGETED_DEVICE_FAMILY = "1,2";
				TEST_HOST = "$(BUILT_PRODUCTS_DIR)/borbskeeper.app/borbskeeper";
			};
			name = Release;
		};
		A2BC23DB22DD2CD70030EA51 /* Debug */ = {
			isa = XCBuildConfiguration;
			baseConfigurationReference = 8F6CE0DA0FA1890902E8CD27 /* Pods-borbskeeperUITests.debug.xcconfig */;
			buildSettings = {
				CODE_SIGN_STYLE = Automatic;
				INFOPLIST_FILE = borbskeeperUITests/Info.plist;
				LD_RUNPATH_SEARCH_PATHS = (
					"$(inherited)",
					"@executable_path/Frameworks",
					"@loader_path/Frameworks",
				);
				PRODUCT_BUNDLE_IDENTIFIER = com.juliapark628.borbskeeperUITests;
				PRODUCT_NAME = "$(TARGET_NAME)";
				TARGETED_DEVICE_FAMILY = "1,2";
				TEST_TARGET_NAME = borbskeeper;
			};
			name = Debug;
		};
		A2BC23DC22DD2CD70030EA51 /* Release */ = {
			isa = XCBuildConfiguration;
			baseConfigurationReference = EA3BF8C02DECA191DB2F72EA /* Pods-borbskeeperUITests.release.xcconfig */;
			buildSettings = {
				CODE_SIGN_STYLE = Automatic;
				INFOPLIST_FILE = borbskeeperUITests/Info.plist;
				LD_RUNPATH_SEARCH_PATHS = (
					"$(inherited)",
					"@executable_path/Frameworks",
					"@loader_path/Frameworks",
				);
				PRODUCT_BUNDLE_IDENTIFIER = com.juliapark628.borbskeeperUITests;
				PRODUCT_NAME = "$(TARGET_NAME)";
				TARGETED_DEVICE_FAMILY = "1,2";
				TEST_TARGET_NAME = borbskeeper;
			};
			name = Release;
		};
/* End XCBuildConfiguration section */

/* Begin XCConfigurationList section */
		A2BC23A322DD2CD60030EA51 /* Build configuration list for PBXProject "borbskeeper" */ = {
			isa = XCConfigurationList;
			buildConfigurations = (
				A2BC23D222DD2CD70030EA51 /* Debug */,
				A2BC23D322DD2CD70030EA51 /* Release */,
			);
			defaultConfigurationIsVisible = 0;
			defaultConfigurationName = Release;
		};
		A2BC23D422DD2CD70030EA51 /* Build configuration list for PBXNativeTarget "borbskeeper" */ = {
			isa = XCConfigurationList;
			buildConfigurations = (
				A2BC23D522DD2CD70030EA51 /* Debug */,
				A2BC23D622DD2CD70030EA51 /* Release */,
			);
			defaultConfigurationIsVisible = 0;
			defaultConfigurationName = Release;
		};
		A2BC23D722DD2CD70030EA51 /* Build configuration list for PBXNativeTarget "borbskeeperTests" */ = {
			isa = XCConfigurationList;
			buildConfigurations = (
				A2BC23D822DD2CD70030EA51 /* Debug */,
				A2BC23D922DD2CD70030EA51 /* Release */,
			);
			defaultConfigurationIsVisible = 0;
			defaultConfigurationName = Release;
		};
		A2BC23DA22DD2CD70030EA51 /* Build configuration list for PBXNativeTarget "borbskeeperUITests" */ = {
			isa = XCConfigurationList;
			buildConfigurations = (
				A2BC23DB22DD2CD70030EA51 /* Debug */,
				A2BC23DC22DD2CD70030EA51 /* Release */,
			);
			defaultConfigurationIsVisible = 0;
			defaultConfigurationName = Release;
		};
/* End XCConfigurationList section */
	};
	rootObject = A2BC23A022DD2CD60030EA51 /* Project object */;
}
